
Microsoft Visual Studio Solution File, Format Version 12.00
# Visual Studio 2012
Project("{FAE04EC0-301F-11D3-BF4B-00C04F79EFBC}") = "XamarinIOSCrash", "XamarinIOSCrash\XamarinIOSCrash.csproj", "{AC745965-7396-46A5-BEFD-FED3E9F890B8}"
EndProject
Project("{FAE04EC0-301F-11D3-BF4B-00C04F79EFBC}") = "XamarinIOSCrash.UITests", "XamarinIOSCrash.UITests\XamarinIOSCrash.UITests.csproj", "{EF1A5FE8-7559-488F-9BD3-CECB848D3FE3}"
EndProject
Global
	GlobalSection(SolutionConfigurationPlatforms) = preSolution
		Debug|iPhoneSimulator = Debug|iPhoneSimulator
		Release|iPhone = Release|iPhone
		Release|iPhoneSimulator = Release|iPhoneSimulator
		Debug|iPhone = Debug|iPhone
		Debug|Any CPU = Debug|Any CPU
		Release|Any CPU = Release|Any CPU
	EndGlobalSection
	GlobalSection(ProjectConfigurationPlatforms) = postSolution
		{AC745965-7396-46A5-BEFD-FED3E9F890B8}.Debug|iPhoneSimulator.ActiveCfg = Debug|iPhoneSimulator
		{AC745965-7396-46A5-BEFD-FED3E9F890B8}.Debug|iPhoneSimulator.Build.0 = Debug|iPhoneSimulator
		{AC745965-7396-46A5-BEFD-FED3E9F890B8}.Release|iPhone.ActiveCfg = Release|iPhone
		{AC745965-7396-46A5-BEFD-FED3E9F890B8}.Release|iPhone.Build.0 = Release|iPhone
		{AC745965-7396-46A5-BEFD-FED3E9F890B8}.Release|iPhoneSimulator.ActiveCfg = Release|iPhoneSimulator
		{AC745965-7396-46A5-BEFD-FED3E9F890B8}.Release|iPhoneSimulator.Build.0 = Release|iPhoneSimulator
		{AC745965-7396-46A5-BEFD-FED3E9F890B8}.Debug|iPhone.ActiveCfg = Debug|iPhone
		{AC745965-7396-46A5-BEFD-FED3E9F890B8}.Debug|iPhone.Build.0 = Debug|iPhone
		{AC745965-7396-46A5-BEFD-FED3E9F890B8}.Debug|Any CPU.ActiveCfg = Debug|iPhoneSimulator
		{AC745965-7396-46A5-BEFD-FED3E9F890B8}.Debug|Any CPU.Build.0 = Debug|iPhoneSimulator
		{AC745965-7396-46A5-BEFD-FED3E9F890B8}.Release|Any CPU.ActiveCfg = Release|iPhone
		{AC745965-7396-46A5-BEFD-FED3E9F890B8}.Release|Any CPU.Build.0 = Release|iPhone
		{EF1A5FE8-7559-488F-9BD3-CECB848D3FE3}.Debug|iPhoneSimulator.ActiveCfg = Debug|Any CPU
		{EF1A5FE8-7559-488F-9BD3-CECB848D3FE3}.Debug|iPhoneSimulator.Build.0 = Debug|Any CPU
		{EF1A5FE8-7559-488F-9BD3-CECB848D3FE3}.Release|iPhone.ActiveCfg = Release|Any CPU
		{EF1A5FE8-7559-488F-9BD3-CECB848D3FE3}.Release|iPhone.Build.0 = Release|Any CPU
		{EF1A5FE8-7559-488F-9BD3-CECB848D3FE3}.Release|iPhoneSimulator.ActiveCfg = Release|Any CPU
		{EF1A5FE8-7559-488F-9BD3-CECB848D3FE3}.Release|iPhoneSimulator.Build.0 = Release|Any CPU
		{EF1A5FE8-7559-488F-9BD3-CECB848D3FE3}.Debug|iPhone.ActiveCfg = Debug|Any CPU
		{EF1A5FE8-7559-488F-9BD3-CECB848D3FE3}.Debug|iPhone.Build.0 = Debug|Any CPU
		{EF1A5FE8-7559-488F-9BD3-CECB848D3FE3}.Debug|Any CPU.ActiveCfg = Debug|Any CPU
		{EF1A5FE8-7559-488F-9BD3-CECB848D3FE3}.Debug|Any CPU.Build.0 = Debug|Any CPU
		{EF1A5FE8-7559-488F-9BD3-CECB848D3FE3}.Release|Any CPU.ActiveCfg = Release|Any CPU
		{EF1A5FE8-7559-488F-9BD3-CECB848D3FE3}.Release|Any CPU.Build.0 = Release|Any CPU
	EndGlobalSection
EndGlobal
